// !$*UTF8*$!
{
	archiveVersion = 1;
	classes = {
	};
	objectVersion = 46;
	objects = {

/* Begin PBXBuildFile section */
		4C68968EDF8F1219670AA0EC /* Pods_pokedex.framework in Frameworks */ = {isa = PBXBuildFile; fileRef = 3A8D78575B6068BF8BC42FC3 /* Pods_pokedex.framework */; };
		E34753561BDB9A9A008F2284 /* pokemon.csv in Resources */ = {isa = PBXBuildFile; fileRef = E34753551BDB9A9A008F2284 /* pokemon.csv */; };
		E34753591BDB9E7E008F2284 /* Pokemon.swift in Sources */ = {isa = PBXBuildFile; fileRef = E34753581BDB9E7E008F2284 /* Pokemon.swift */; };
		E347535C1BDBAA10008F2284 /* PokeCell.swift in Sources */ = {isa = PBXBuildFile; fileRef = E347535B1BDBAA10008F2284 /* PokeCell.swift */; };
		E3BE7CA11BDCF50C00B5F8EE /* Constants.swift in Sources */ = {isa = PBXBuildFile; fileRef = E3BE7CA01BDCF50C00B5F8EE /* Constants.swift */; };
		E3DA6E3B1BD58CF800B63F3A /* AppDelegate.swift in Sources */ = {isa = PBXBuildFile; fileRef = E3DA6E3A1BD58CF800B63F3A /* AppDelegate.swift */; };
		E3DA6E3D1BD58CF800B63F3A /* ViewController.swift in Sources */ = {isa = PBXBuildFile; fileRef = E3DA6E3C1BD58CF800B63F3A /* ViewController.swift */; };
		E3DA6E401BD58CF800B63F3A /* Main.storyboard in Resources */ = {isa = PBXBuildFile; fileRef = E3DA6E3E1BD58CF800B63F3A /* Main.storyboard */; };
		E3DA6E421BD58CF800B63F3A /* Assets.xcassets in Resources */ = {isa = PBXBuildFile; fileRef = E3DA6E411BD58CF800B63F3A /* Assets.xcassets */; };
		E3DA6E451BD58CF800B63F3A /* LaunchScreen.storyboard in Resources */ = {isa = PBXBuildFile; fileRef = E3DA6E431BD58CF800B63F3A /* LaunchScreen.storyboard */; };
		E3F4317E1BDBEEC8002F18AF /* csv.swift in Sources */ = {isa = PBXBuildFile; fileRef = E3F4317D1BDBEEC8002F18AF /* csv.swift */; };
		E3F431831BDBFE51002F18AF /* pokemon.ttf in Resources */ = {isa = PBXBuildFile; fileRef = E3F431821BDBFE51002F18AF /* pokemon.ttf */; };
		E3F431851BDC01BC002F18AF /* music.mp3 in Resources */ = {isa = PBXBuildFile; fileRef = E3F431841BDC01BC002F18AF /* music.mp3 */; };
		E3F431871BDC2CC0002F18AF /* PokemonDetailVC.swift in Sources */ = {isa = PBXBuildFile; fileRef = E3F431861BDC2CC0002F18AF /* PokemonDetailVC.swift */; };
/* End PBXBuildFile section */

/* Begin PBXFileReference section */
		3A8D78575B6068BF8BC42FC3 /* Pods_pokedex.framework */ = {isa = PBXFileReference; explicitFileType = wrapper.framework; includeInIndex = 0; path = Pods_pokedex.framework; sourceTree = BUILT_PRODUCTS_DIR; };
		BAE870E8478D7C527391EA6D /* Pods-pokedex.debug.xcconfig */ = {isa = PBXFileReference; includeInIndex = 1; lastKnownFileType = text.xcconfig; name = "Pods-pokedex.debug.xcconfig"; path = "Pods/Target Support Files/Pods-pokedex/Pods-pokedex.debug.xcconfig"; sourceTree = "<group>"; };
		E34753551BDB9A9A008F2284 /* pokemon.csv */ = {isa = PBXFileReference; fileEncoding = 4; lastKnownFileType = text; path = pokemon.csv; sourceTree = "<group>"; };
		E34753581BDB9E7E008F2284 /* Pokemon.swift */ = {isa = PBXFileReference; fileEncoding = 4; lastKnownFileType = sourcecode.swift; path = Pokemon.swift; sourceTree = "<group>"; };
		E347535B1BDBAA10008F2284 /* PokeCell.swift */ = {isa = PBXFileReference; fileEncoding = 4; lastKnownFileType = sourcecode.swift; path = PokeCell.swift; sourceTree = "<group>"; };
		E362BFBA5F6CCDEDD29FF31E /* Pods-pokedex.release.xcconfig */ = {isa = PBXFileReference; includeInIndex = 1; lastKnownFileType = text.xcconfig; name = "Pods-pokedex.release.xcconfig"; path = "Pods/Target Support Files/Pods-pokedex/Pods-pokedex.release.xcconfig"; sourceTree = "<group>"; };
		E3BE7CA01BDCF50C00B5F8EE /* Constants.swift */ = {isa = PBXFileReference; fileEncoding = 4; lastKnownFileType = sourcecode.swift; path = Constants.swift; sourceTree = "<group>"; };
		E3DA6E371BD58CF800B63F3A /* pokedex.app */ = {isa = PBXFileReference; explicitFileType = wrapper.application; includeInIndex = 0; path = pokedex.app; sourceTree = BUILT_PRODUCTS_DIR; };
		E3DA6E3A1BD58CF800B63F3A /* AppDelegate.swift */ = {isa = PBXFileReference; lastKnownFileType = sourcecode.swift; path = AppDelegate.swift; sourceTree = "<group>"; };
		E3DA6E3C1BD58CF800B63F3A /* ViewController.swift */ = {isa = PBXFileReference; lastKnownFileType = sourcecode.swift; path = ViewController.swift; sourceTree = "<group>"; };
		E3DA6E3F1BD58CF800B63F3A /* Base */ = {isa = PBXFileReference; lastKnownFileType = file.storyboard; name = Base; path = Base.lproj/Main.storyboard; sourceTree = "<group>"; };
		E3DA6E411BD58CF800B63F3A /* Assets.xcassets */ = {isa = PBXFileReference; lastKnownFileType = folder.assetcatalog; path = Assets.xcassets; sourceTree = "<group>"; };
		E3DA6E441BD58CF800B63F3A /* Base */ = {isa = PBXFileReference; lastKnownFileType = file.storyboard; name = Base; path = Base.lproj/LaunchScreen.storyboard; sourceTree = "<group>"; };
		E3DA6E461BD58CF800B63F3A /* Info.plist */ = {isa = PBXFileReference; lastKnownFileType = text.plist.xml; path = Info.plist; sourceTree = "<group>"; };
		E3F4317D1BDBEEC8002F18AF /* csv.swift */ = {isa = PBXFileReference; fileEncoding = 4; lastKnownFileType = sourcecode.swift; path = csv.swift; sourceTree = "<group>"; };
		E3F431821BDBFE51002F18AF /* pokemon.ttf */ = {isa = PBXFileReference; lastKnownFileType = file; path = pokemon.ttf; sourceTree = "<group>"; };
		E3F431841BDC01BC002F18AF /* music.mp3 */ = {isa = PBXFileReference; lastKnownFileType = audio.mp3; path = music.mp3; sourceTree = "<group>"; };
		E3F431861BDC2CC0002F18AF /* PokemonDetailVC.swift */ = {isa = PBXFileReference; fileEncoding = 4; lastKnownFileType = sourcecode.swift; path = PokemonDetailVC.swift; sourceTree = "<group>"; };
/* End PBXFileReference section */

/* Begin PBXFrameworksBuildPhase section */
		E3DA6E341BD58CF800B63F3A /* Frameworks */ = {
			isa = PBXFrameworksBuildPhase;
			buildActionMask = 2147483647;
			files = (
				4C68968EDF8F1219670AA0EC /* Pods_pokedex.framework in Frameworks */,
			);
			runOnlyForDeploymentPostprocessing = 0;
		};
/* End PBXFrameworksBuildPhase section */

/* Begin PBXGroup section */
		86E5E2F67E151974985F5F3D /* Frameworks */ = {
			isa = PBXGroup;
			children = (
				3A8D78575B6068BF8BC42FC3 /* Pods_pokedex.framework */,
			);
			name = Frameworks;
			sourceTree = "<group>";
		};
		C3AAA5B6663CFDCC3974C82F /* Pods */ = {
			isa = PBXGroup;
			children = (
				BAE870E8478D7C527391EA6D /* Pods-pokedex.debug.xcconfig */,
				E362BFBA5F6CCDEDD29FF31E /* Pods-pokedex.release.xcconfig */,
			);
			name = Pods;
			sourceTree = "<group>";
		};
		E34753571BDB9E62008F2284 /* Modal */ = {
			isa = PBXGroup;
			children = (
				E34753581BDB9E7E008F2284 /* Pokemon.swift */,
			);
			name = Modal;
			sourceTree = "<group>";
		};
		E347535A1BDBA91C008F2284 /* View */ = {
			isa = PBXGroup;
			children = (
				E347535B1BDBAA10008F2284 /* PokeCell.swift */,
			);
			name = View;
			sourceTree = "<group>";
		};
		E3DA6E2E1BD58CF800B63F3A = {
			isa = PBXGroup;
			children = (
				E3DA6E391BD58CF800B63F3A /* pokedex */,
				E3DA6E381BD58CF800B63F3A /* Products */,
				C3AAA5B6663CFDCC3974C82F /* Pods */,
				86E5E2F67E151974985F5F3D /* Frameworks */,
			);
			sourceTree = "<group>";
		};
		E3DA6E381BD58CF800B63F3A /* Products */ = {
			isa = PBXGroup;
			children = (
				E3DA6E371BD58CF800B63F3A /* pokedex.app */,
			);
			name = Products;
			sourceTree = "<group>";
		};
		E3DA6E391BD58CF800B63F3A /* pokedex */ = {
			isa = PBXGroup;
			children = (
				E3F431811BDBF0E6002F18AF /* Resources */,
				E3F431801BDBF0BF002F18AF /* Controller */,
				E3F4317F1BDBF09B002F18AF /* Util */,
				E34753571BDB9E62008F2284 /* Modal */,
				E347535A1BDBA91C008F2284 /* View */,
				E3DA6E3A1BD58CF800B63F3A /* AppDelegate.swift */,
				E3DA6E3E1BD58CF800B63F3A /* Main.storyboard */,
				E3DA6E411BD58CF800B63F3A /* Assets.xcassets */,
				E3DA6E431BD58CF800B63F3A /* LaunchScreen.storyboard */,
				E3DA6E461BD58CF800B63F3A /* Info.plist */,
			);
			path = pokedex;
			sourceTree = "<group>";
		};
		E3F4317F1BDBF09B002F18AF /* Util */ = {
			isa = PBXGroup;
			children = (
				E3F4317D1BDBEEC8002F18AF /* csv.swift */,
				E3BE7CA01BDCF50C00B5F8EE /* Constants.swift */,
			);
			name = Util;
			sourceTree = "<group>";
		};
		E3F431801BDBF0BF002F18AF /* Controller */ = {
			isa = PBXGroup;
			children = (
				E3DA6E3C1BD58CF800B63F3A /* ViewController.swift */,
				E3F431861BDC2CC0002F18AF /* PokemonDetailVC.swift */,
			);
			name = Controller;
			sourceTree = "<group>";
		};
		E3F431811BDBF0E6002F18AF /* Resources */ = {
			isa = PBXGroup;
			children = (
				E34753551BDB9A9A008F2284 /* pokemon.csv */,
				E3F431821BDBFE51002F18AF /* pokemon.ttf */,
				E3F431841BDC01BC002F18AF /* music.mp3 */,
			);
			name = Resources;
			sourceTree = "<group>";
		};
/* End PBXGroup section */

/* Begin PBXNativeTarget section */
		E3DA6E361BD58CF800B63F3A /* pokedex */ = {
			isa = PBXNativeTarget;
			buildConfigurationList = E3DA6E491BD58CF800B63F3A /* Build configuration list for PBXNativeTarget "pokedex" */;
			buildPhases = (
				19EE4323BA5CC2133A74521C /* Check Pods Manifest.lock */,
				E3DA6E331BD58CF800B63F3A /* Sources */,
				E3DA6E341BD58CF800B63F3A /* Frameworks */,
				E3DA6E351BD58CF800B63F3A /* Resources */,
				1DB3F87B9A97ED463AB35987 /* Embed Pods Frameworks */,
				52E5C9B33313B14FDAC9F16A /* Copy Pods Resources */,
			);
			buildRules = (
			);
			dependencies = (
			);
			name = pokedex;
			productName = pokedex;
			productReference = E3DA6E371BD58CF800B63F3A /* pokedex.app */;
			productType = "com.apple.product-type.application";
		};
/* End PBXNativeTarget section */

/* Begin PBXProject section */
		E3DA6E2F1BD58CF800B63F3A /* Project object */ = {
			isa = PBXProject;
			attributes = {
				LastUpgradeCheck = 0700;
				ORGANIZATIONNAME = "Ronny Soltveit";
				TargetAttributes = {
					E3DA6E361BD58CF800B63F3A = {
						CreatedOnToolsVersion = 7.0.1;
					};
				};
			};
			buildConfigurationList = E3DA6E321BD58CF800B63F3A /* Build configuration list for PBXProject "pokedex" */;
			compatibilityVersion = "Xcode 3.2";
			developmentRegion = English;
			hasScannedForEncodings = 0;
			knownRegions = (
				en,
				Base,
			);
			mainGroup = E3DA6E2E1BD58CF800B63F3A;
			productRefGroup = E3DA6E381BD58CF800B63F3A /* Products */;
			projectDirPath = "";
			projectRoot = "";
			targets = (
				E3DA6E361BD58CF800B63F3A /* pokedex */,
			);
		};
/* End PBXProject section */

/* Begin PBXResourcesBuildPhase section */
		E3DA6E351BD58CF800B63F3A /* Resources */ = {
			isa = PBXResourcesBuildPhase;
			buildActionMask = 2147483647;
			files = (
				E3F431831BDBFE51002F18AF /* pokemon.ttf in Resources */,
				E3DA6E451BD58CF800B63F3A /* LaunchScreen.storyboard in Resources */,
				E3F431851BDC01BC002F18AF /* music.mp3 in Resources */,
				E3DA6E421BD58CF800B63F3A /* Assets.xcassets in Resources */,
				E34753561BDB9A9A008F2284 /* pokemon.csv in Resources */,
				E3DA6E401BD58CF800B63F3A /* Main.storyboard in Resources */,
			);
			runOnlyForDeploymentPostprocessing = 0;
		};
/* End PBXResourcesBuildPhase section */

/* Begin PBXShellScriptBuildPhase section */
		19EE4323BA5CC2133A74521C /* Check Pods Manifest.lock */ = {
			isa = PBXShellScriptBuildPhase;
			buildActionMask = 2147483647;
			files = (
			);
			inputPaths = (
			);
			name = "Check Pods Manifest.lock";
			outputPaths = (
			);
			runOnlyForDeploymentPostprocessing = 0;
			shellPath = /bin/sh;
			shellScript = "diff \"${PODS_ROOT}/../Podfile.lock\" \"${PODS_ROOT}/Manifest.lock\" > /dev/null\nif [[ $? != 0 ]] ; then\n    cat << EOM\nerror: The sandbox is not in sync with the Podfile.lock. Run 'pod install' or update your CocoaPods installation.\nEOM\n    exit 1\nfi\n";
			showEnvVarsInLog = 0;
		};
		1DB3F87B9A97ED463AB35987 /* Embed Pods Frameworks */ = {
			isa = PBXShellScriptBuildPhase;
			buildActionMask = 2147483647;
			files = (
			);
			inputPaths = (
			);
			name = "Embed Pods Frameworks";
			outputPaths = (
			);
			runOnlyForDeploymentPostprocessing = 0;
			shellPath = /bin/sh;
			shellScript = "\"${SRCROOT}/Pods/Target Support Files/Pods-pokedex/Pods-pokedex-frameworks.sh\"\n";
			showEnvVarsInLog = 0;
		};
		52E5C9B33313B14FDAC9F16A /* Copy Pods Resources */ = {
			isa = PBXShellScriptBuildPhase;
			buildActionMask = 2147483647;
			files = (
			);
			inputPaths = (
			);
			name = "Copy Pods Resources";
			outputPaths = (
			);
			runOnlyForDeploymentPostprocessing = 0;
			shellPath = /bin/sh;
			shellScript = "\"${SRCROOT}/Pods/Target Support Files/Pods-pokedex/Pods-pokedex-resources.sh\"\n";
			showEnvVarsInLog = 0;
		};
/* End PBXShellScriptBuildPhase section */

/* Begin PBXSourcesBuildPhase section */
		E3DA6E331BD58CF800B63F3A /* Sources */ = {
			isa = PBXSourcesBuildPhase;
			buildActionMask = 2147483647;
			files = (
				E347535C1BDBAA10008F2284 /* PokeCell.swift in Sources */,
				E3DA6E3D1BD58CF800B63F3A /* ViewController.swift in Sources */,
				E3DA6E3B1BD58CF800B63F3A /* AppDelegate.swift in Sources */,
				E3F431871BDC2CC0002F18AF /* PokemonDetailVC.swift in Sources */,
				E3BE7CA11BDCF50C00B5F8EE /* Constants.swift in Sources */,
				E34753591BDB9E7E008F2284 /* Pokemon.swift in Sources */,
				E3F4317E1BDBEEC8002F18AF /* csv.swift in Sources */,
			);
			runOnlyForDeploymentPostprocessing = 0;
		};
/* End PBXSourcesBuildPhase section */

/* Begin PBXVariantGroup section */
		E3DA6E3E1BD58CF800B63F3A /* Main.storyboard */ = {
			isa = PBXVariantGroup;
			children = (
				E3DA6E3F1BD58CF800B63F3A /* Base */,
			);
			name = Main.storyboard;
			sourceTree = "<group>";
		};
		E3DA6E431BD58CF800B63F3A /* LaunchScreen.storyboard */ = {
			isa = PBXVariantGroup;
			children = (
				E3DA6E441BD58CF800B63F3A /* Base */,
			);
			name = LaunchScreen.storyboard;
			sourceTree = "<group>";
		};
/* End PBXVariantGroup section */

/* Begin XCBuildConfiguration section */
		E3DA6E471BD58CF800B63F3A /* Debug */ = {
			isa = XCBuildConfiguration;
			buildSettings = {
				ALWAYS_SEARCH_USER_PATHS = NO;
				CLANG_CXX_LANGUAGE_STANDARD = "gnu++0x";
				CLANG_CXX_LIBRARY = "libc++";
				CLANG_ENABLE_MODULES = YES;
				CLANG_ENABLE_OBJC_ARC = YES;
				CLANG_WARN_BOOL_CONVERSION = YES;
				CLANG_WARN_CONSTANT_CONVERSION = YES;
				CLANG_WARN_DIRECT_OBJC_ISA_USAGE = YES_ERROR;
				CLANG_WARN_EMPTY_BODY = YES;
				CLANG_WARN_ENUM_CONVERSION = YES;
				CLANG_WARN_INT_CONVERSION = YES;
				CLANG_WARN_OBJC_ROOT_CLASS = YES_ERROR;
				CLANG_WARN_UNREACHABLE_CODE = YES;
				CLANG_WARN__DUPLICATE_METHOD_MATCH = YES;
				"CODE_SIGN_IDENTITY[sdk=iphoneos*]" = "iPhone Developer";
				COPY_PHASE_STRIP = NO;
				DEBUG_INFORMATION_FORMAT = dwarf;
				ENABLE_STRICT_OBJC_MSGSEND = YES;
				ENABLE_TESTABILITY = YES;
				GCC_C_LANGUAGE_STANDARD = gnu99;
				GCC_DYNAMIC_NO_PIC = NO;
				GCC_NO_COMMON_BLOCKS = YES;
				GCC_OPTIMIZATION_LEVEL = 0;
				GCC_PREPROCESSOR_DEFINITIONS = (
					"DEBUG=1",
					"$(inherited)",
				);
				GCC_WARN_64_TO_32_BIT_CONVERSION = YES;
				GCC_WARN_ABOUT_RETURN_TYPE = YES_ERROR;
				GCC_WARN_UNDECLARED_SELECTOR = YES;
				GCC_WARN_UNINITIALIZED_AUTOS = YES_AGGRESSIVE;
				GCC_WARN_UNUSED_FUNCTION = YES;
				GCC_WARN_UNUSED_VARIABLE = YES;
				IPHONEOS_DEPLOYMENT_TARGET = 9.0;
				MTL_ENABLE_DEBUG_INFO = YES;
				ONLY_ACTIVE_ARCH = YES;
				SDKROOT = iphoneos;
				SWIFT_OPTIMIZATION_LEVEL = "-Onone";
				TARGETED_DEVICE_FAMILY = "1,2";
			};
			name = Debug;
		};
		E3DA6E481BD58CF800B63F3A /* Release */ = {
			isa = XCBuildConfiguration;
			buildSettings = {
				ALWAYS_SEARCH_USER_PATHS = NO;
				CLANG_CXX_LANGUAGE_STANDARD = "gnu++0x";
				CLANG_CXX_LIBRARY = "libc++";
				CLANG_ENABLE_MODULES = YES;
				CLANG_ENABLE_OBJC_ARC = YES;
				CLANG_WARN_BOOL_CONVERSION = YES;
				CLANG_WARN_CONSTANT_CONVERSION = YES;
				CLANG_WARN_DIRECT_OBJC_ISA_USAGE = YES_ERROR;
				CLANG_WARN_EMPTY_BODY = YES;
				CLANG_WARN_ENUM_CONVERSION = YES;
				CLANG_WARN_INT_CONVERSION = YES;
				CLANG_WARN_OBJC_ROOT_CLASS = YES_ERROR;
				CLANG_WARN_UNREACHABLE_CODE = YES;
				CLANG_WARN__DUPLICATE_METHOD_MATCH = YES;
				"CODE_SIGN_IDENTITY[sdk=iphoneos*]" = "iPhone Developer";
				COPY_PHASE_STRIP = NO;
				DEBUG_INFORMATION_FORMAT = "dwarf-with-dsym";
				ENABLE_NS_ASSERTIONS = NO;
				ENABLE_STRICT_OBJC_MSGSEND = YES;
				GCC_C_LANGUAGE_STANDARD = gnu99;
				GCC_NO_COMMON_BLOCKS = YES;
				GCC_WARN_64_TO_32_BIT_CONVERSION = YES;
				GCC_WARN_ABOUT_RETURN_TYPE = YES_ERROR;
				GCC_WARN_UNDECLARED_SELECTOR = YES;
				GCC_WARN_UNINITIALIZED_AUTOS = YES_AGGRESSIVE;
				GCC_WARN_UNUSED_FUNCTION = YES;
				GCC_WARN_UNUSED_VARIABLE = YES;
				IPHONEOS_DEPLOYMENT_TARGET = 9.0;
				MTL_ENABLE_DEBUG_INFO = NO;
				SDKROOT = iphoneos;
				TARGETED_DEVICE_FAMILY = "1,2";
				VALIDATE_PRODUCT = YES;
			};
			name = Release;
		};
		E3DA6E4A1BD58CF800B63F3A /* Debug */ = {
			isa = XCBuildConfiguration;
			baseConfigurationReference = BAE870E8478D7C527391EA6D /* Pods-pokedex.debug.xcconfig */;
			buildSettings = {
				ASSETCATALOG_COMPILER_APPICON_NAME = AppIcon;
				INFOPLIST_FILE = pokedex/Info.plist;
				LD_RUNPATH_SEARCH_PATHS = "$(inherited) @executable_path/Frameworks";
				PRODUCT_BUNDLE_IDENTIFIER = com.corenety.pokedex;
				PRODUCT_NAME = "$(TARGET_NAME)";
			};
			name = Debug;
		};
		E3DA6E4B1BD58CF800B63F3A /* Release */ = {
			isa = XCBuildConfiguration;
			baseConfigurationReference = E362BFBA5F6CCDEDD29FF31E /* Pods-pokedex.release.xcconfig */;
			buildSettings = {
				ASSETCATALOG_COMPILER_APPICON_NAME = AppIcon;
				INFOPLIST_FILE = pokedex/Info.plist;
				LD_RUNPATH_SEARCH_PATHS = "$(inherited) @executable_path/Frameworks";
				PRODUCT_BUNDLE_IDENTIFIER = com.corenety.pokedex;
				PRODUCT_NAME = "$(TARGET_NAME)";
			};
			name = Release;
		};
/* End XCBuildConfiguration section */

/* Begin XCConfigurationList section */
		E3DA6E321BD58CF800B63F3A /* Build configuration list for PBXProject "pokedex" */ = {
			isa = XCConfigurationList;
			buildConfigurations = (
				E3DA6E471BD58CF800B63F3A /* Debug */,
				E3DA6E481BD58CF800B63F3A /* Release */,
			);
			defaultConfigurationIsVisible = 0;
			defaultConfigurationName = Release;
		};
		E3DA6E491BD58CF800B63F3A /* Build configuration list for PBXNativeTarget "pokedex" */ = {
			isa = XCConfigurationList;
			buildConfigurations = (
				E3DA6E4A1BD58CF800B63F3A /* Debug */,
				E3DA6E4B1BD58CF800B63F3A /* Release */,
			);
			defaultConfigurationIsVisible = 0;
			defaultConfigurationName = Release;
		};
/* End XCConfigurationList section */
	};
	rootObject = E3DA6E2F1BD58CF800B63F3A /* Project object */;
}
